
Microsoft Visual Studio Solution File, Format Version 12.00
# Visual Studio Version 16
VisualStudioVersion = 16.0.30517.126
MinimumVisualStudioVersion = 10.0.40219.1
Project("{FAE04EC0-301F-11D3-BF4B-00C04F79EFBC}") = "Domain", "Domain\Domain.csproj", "{A3E50344-DBBA-4158-9176-797FF655A533}"
EndProject
Project("{FAE04EC0-301F-11D3-BF4B-00C04F79EFBC}") = "FriendAPI", "FriendAPI\FriendAPI.csproj", "{1F09BB89-CA5B-49E8-965F-81AA4AD5889D}"
EndProject
Project("{FAE04EC0-301F-11D3-BF4B-00C04F79EFBC}") = "Repository", "Repository\Repository.csproj", "{AFB9B98B-0EFF-40FB-B306-131605915FBD}"
EndProject
Project("{FAE04EC0-301F-11D3-BF4B-00C04F79EFBC}") = "CountryAPI", "CountryAPI\CountryAPI.csproj", "{F92C67B5-8EF5-4DE1-AB64-1472E2050414}"
EndProject
Global
	GlobalSection(SolutionConfigurationPlatforms) = preSolution
		Debug|Any CPU = Debug|Any CPU
		Release|Any CPU = Release|Any CPU
	EndGlobalSection
	GlobalSection(ProjectConfigurationPlatforms) = postSolution
		{A3E50344-DBBA-4158-9176-797FF655A533}.Debug|Any CPU.ActiveCfg = Debug|Any CPU
		{A3E50344-DBBA-4158-9176-797FF655A533}.Debug|Any CPU.Build.0 = Debug|Any CPU
		{A3E50344-DBBA-4158-9176-797FF655A533}.Release|Any CPU.ActiveCfg = Release|Any CPU
		{A3E50344-DBBA-4158-9176-797FF655A533}.Release|Any CPU.Build.0 = Release|Any CPU
		{1F09BB89-CA5B-49E8-965F-81AA4AD5889D}.Debug|Any CPU.ActiveCfg = Debug|Any CPU
		{1F09BB89-CA5B-49E8-965F-81AA4AD5889D}.Debug|Any CPU.Build.0 = Debug|Any CPU
		{1F09BB89-CA5B-49E8-965F-81AA4AD5889D}.Release|Any CPU.ActiveCfg = Release|Any CPU
		{1F09BB89-CA5B-49E8-965F-81AA4AD5889D}.Release|Any CPU.Build.0 = Release|Any CPU
		{AFB9B98B-0EFF-40FB-B306-131605915FBD}.Debug|Any CPU.ActiveCfg = Debug|Any CPU
		{AFB9B98B-0EFF-40FB-B306-131605915FBD}.Debug|Any CPU.Build.0 = Debug|Any CPU
		{AFB9B98B-0EFF-40FB-B306-131605915FBD}.Release|Any CPU.ActiveCfg = Release|Any CPU
		{AFB9B98B-0EFF-40FB-B306-131605915FBD}.Release|Any CPU.Build.0 = Release|Any CPU
		{F92C67B5-8EF5-4DE1-AB64-1472E2050414}.Debug|Any CPU.ActiveCfg = Debug|Any CPU
		{F92C67B5-8EF5-4DE1-AB64-1472E2050414}.Debug|Any CPU.Build.0 = Debug|Any CPU
		{F92C67B5-8EF5-4DE1-AB64-1472E2050414}.Release|Any CPU.ActiveCfg = Release|Any CPU
		{F92C67B5-8EF5-4DE1-AB64-1472E2050414}.Release|Any CPU.Build.0 = Release|Any CPU
	EndGlobalSection
	GlobalSection(SolutionProperties) = preSolution
		HideSolutionNode = FALSE
	EndGlobalSection
	GlobalSection(ExtensibilityGlobals) = postSolution
		SolutionGuid = {9AAE9D26-A110-45AF-81E3-DF976FF1F72E}
	EndGlobalSection
EndGlobal
